// !$*UTF8*$!
{
	archiveVersion = 1;
	classes = {
	};
	objectVersion = 50;
	objects = {

/* Begin PBXBuildFile section */
		F503711D24A0DF12008B153E /* HomeViewController.swift in Sources */ = {isa = PBXBuildFile; fileRef = F503711C24A0DF12008B153E /* HomeViewController.swift */; };
		F54F4E3424A22185008204E9 /* UniversityTableViewCell.swift in Sources */ = {isa = PBXBuildFile; fileRef = F54F4E3224A22185008204E9 /* UniversityTableViewCell.swift */; };
		F54F4E3524A22185008204E9 /* UniversityTableViewCell.xib in Resources */ = {isa = PBXBuildFile; fileRef = F54F4E3324A22185008204E9 /* UniversityTableViewCell.xib */; };
		F54F4E3824A22473008204E9 /* UniversityCollectionViewCell.swift in Sources */ = {isa = PBXBuildFile; fileRef = F54F4E3624A22473008204E9 /* UniversityCollectionViewCell.swift */; };
		F54F4E3924A22473008204E9 /* UniversityCollectionViewCell.xib in Resources */ = {isa = PBXBuildFile; fileRef = F54F4E3724A22473008204E9 /* UniversityCollectionViewCell.xib */; };
		F54F4E3C24A2DB38008204E9 /* ArticleCollectionViewCell.swift in Sources */ = {isa = PBXBuildFile; fileRef = F54F4E3A24A2DB38008204E9 /* ArticleCollectionViewCell.swift */; };
		F54F4E3D24A2DB38008204E9 /* ArticleCollectionViewCell.xib in Resources */ = {isa = PBXBuildFile; fileRef = F54F4E3B24A2DB38008204E9 /* ArticleCollectionViewCell.xib */; };
		F54F4E4024A2DB57008204E9 /* ArticleTableViewCell.swift in Sources */ = {isa = PBXBuildFile; fileRef = F54F4E3E24A2DB57008204E9 /* ArticleTableViewCell.swift */; };
		F54F4E4124A2DB57008204E9 /* ArticleTableViewCell.xib in Resources */ = {isa = PBXBuildFile; fileRef = F54F4E3F24A2DB57008204E9 /* ArticleTableViewCell.xib */; };
		F54F4E4724A48FCA008204E9 /* TitleTableViewCell.swift in Sources */ = {isa = PBXBuildFile; fileRef = F54F4E4524A48FCA008204E9 /* TitleTableViewCell.swift */; };
		F54F4E4824A48FCA008204E9 /* TitleTableViewCell.xib in Resources */ = {isa = PBXBuildFile; fileRef = F54F4E4624A48FCA008204E9 /* TitleTableViewCell.xib */; };
		F5C5787324A96E3B00575C70 /* CalculateAYTTableViewCell.swift in Sources */ = {isa = PBXBuildFile; fileRef = F5C5787124A96E3B00575C70 /* CalculateAYTTableViewCell.swift */; };
		F5C5787424A96E3B00575C70 /* CalculateAYTTableViewCell.xib in Resources */ = {isa = PBXBuildFile; fileRef = F5C5787224A96E3B00575C70 /* CalculateAYTTableViewCell.xib */; };
		F5C5787B24A9DD8600575C70 /* CalculateButtonTableViewCell.swift in Sources */ = {isa = PBXBuildFile; fileRef = F5C5787924A9DD8600575C70 /* CalculateButtonTableViewCell.swift */; };
		F5C5787C24A9DD8600575C70 /* CalculateButtonTableViewCell.xib in Resources */ = {isa = PBXBuildFile; fileRef = F5C5787A24A9DD8600575C70 /* CalculateButtonTableViewCell.xib */; };
		F5C5787F24A9F6E600575C70 /* ResultAYTTableViewCell.swift in Sources */ = {isa = PBXBuildFile; fileRef = F5C5787D24A9F6E600575C70 /* ResultAYTTableViewCell.swift */; };
		F5C5788024A9F6E600575C70 /* ResultAYTTableViewCell.xib in Resources */ = {isa = PBXBuildFile; fileRef = F5C5787E24A9F6E600575C70 /* ResultAYTTableViewCell.xib */; };
		F5C5788324A9FD2400575C70 /* ResultTYTTableViewCell.swift in Sources */ = {isa = PBXBuildFile; fileRef = F5C5788124A9FD2400575C70 /* ResultTYTTableViewCell.swift */; };
		F5C5788424A9FD2400575C70 /* ResultTYTTableViewCell.xib in Resources */ = {isa = PBXBuildFile; fileRef = F5C5788224A9FD2400575C70 /* ResultTYTTableViewCell.xib */; };
		F5C5788624AA0F0700575C70 /* Calculator.swift in Sources */ = {isa = PBXBuildFile; fileRef = F5C5788524AA0F0600575C70 /* Calculator.swift */; };
		F5C5788824AA0F2100575C70 /* Result.swift in Sources */ = {isa = PBXBuildFile; fileRef = F5C5788724AA0F2100575C70 /* Result.swift */; };
		F5C5788C24AA133200575C70 /* Helper.swift in Sources */ = {isa = PBXBuildFile; fileRef = F5C5788B24AA133200575C70 /* Helper.swift */; };
		F5C5788E24ABB16400575C70 /* AlertStoryboard.storyboard in Resources */ = {isa = PBXBuildFile; fileRef = F5C5788D24ABB16300575C70 /* AlertStoryboard.storyboard */; };
		F5C5789024ABB19500575C70 /* AlertViewController.swift in Sources */ = {isa = PBXBuildFile; fileRef = F5C5788F24ABB19500575C70 /* AlertViewController.swift */; };
		F5D382F7249CC91B0090A6F5 /* AppDelegate.swift in Sources */ = {isa = PBXBuildFile; fileRef = F5D382F6249CC91B0090A6F5 /* AppDelegate.swift */; };
		F5D382F9249CC91B0090A6F5 /* SceneDelegate.swift in Sources */ = {isa = PBXBuildFile; fileRef = F5D382F8249CC91B0090A6F5 /* SceneDelegate.swift */; };
		F5D38300249CC91B0090A6F5 /* Main.storyboard in Resources */ = {isa = PBXBuildFile; fileRef = F5D382FE249CC91B0090A6F5 /* Main.storyboard */; };
		F5D38303249CC91B0090A6F5 /* Puan_Hesapla.xcdatamodeld in Sources */ = {isa = PBXBuildFile; fileRef = F5D38301249CC91B0090A6F5 /* Puan_Hesapla.xcdatamodeld */; };
		F5D38305249CC9220090A6F5 /* Assets.xcassets in Resources */ = {isa = PBXBuildFile; fileRef = F5D38304249CC9220090A6F5 /* Assets.xcassets */; };
		F5D38308249CC9220090A6F5 /* LaunchScreen.storyboard in Resources */ = {isa = PBXBuildFile; fileRef = F5D38306249CC9220090A6F5 /* LaunchScreen.storyboard */; };
		F5D38315249CE97E0090A6F5 /* University.swift in Sources */ = {isa = PBXBuildFile; fileRef = F5D38314249CE97E0090A6F5 /* University.swift */; };
		F5E3CD5A24A0CA5E009F4803 /* CalculatorViewController.swift in Sources */ = {isa = PBXBuildFile; fileRef = F5E3CD5924A0CA5E009F4803 /* CalculatorViewController.swift */; };
		F5EC335324A8C92D00A8499E /* CalculateTYTTableViewCell.swift in Sources */ = {isa = PBXBuildFile; fileRef = F5EC335124A8C92D00A8499E /* CalculateTYTTableViewCell.swift */; };
		F5EC335424A8C92D00A8499E /* CalculateTYTTableViewCell.xib in Resources */ = {isa = PBXBuildFile; fileRef = F5EC335224A8C92D00A8499E /* CalculateTYTTableViewCell.xib */; };
/* End PBXBuildFile section */

/* Begin PBXFileReference section */
		F503711C24A0DF12008B153E /* HomeViewController.swift */ = {isa = PBXFileReference; lastKnownFileType = sourcecode.swift; path = HomeViewController.swift; sourceTree = "<group>"; };
		F54F4E3224A22185008204E9 /* UniversityTableViewCell.swift */ = {isa = PBXFileReference; lastKnownFileType = sourcecode.swift; path = UniversityTableViewCell.swift; sourceTree = "<group>"; };
		F54F4E3324A22185008204E9 /* UniversityTableViewCell.xib */ = {isa = PBXFileReference; lastKnownFileType = file.xib; path = UniversityTableViewCell.xib; sourceTree = "<group>"; };
		F54F4E3624A22473008204E9 /* UniversityCollectionViewCell.swift */ = {isa = PBXFileReference; lastKnownFileType = sourcecode.swift; path = UniversityCollectionViewCell.swift; sourceTree = "<group>"; };
		F54F4E3724A22473008204E9 /* UniversityCollectionViewCell.xib */ = {isa = PBXFileReference; lastKnownFileType = file.xib; path = UniversityCollectionViewCell.xib; sourceTree = "<group>"; };
		F54F4E3A24A2DB38008204E9 /* ArticleCollectionViewCell.swift */ = {isa = PBXFileReference; lastKnownFileType = sourcecode.swift; path = ArticleCollectionViewCell.swift; sourceTree = "<group>"; };
		F54F4E3B24A2DB38008204E9 /* ArticleCollectionViewCell.xib */ = {isa = PBXFileReference; lastKnownFileType = file.xib; path = ArticleCollectionViewCell.xib; sourceTree = "<group>"; };
		F54F4E3E24A2DB57008204E9 /* ArticleTableViewCell.swift */ = {isa = PBXFileReference; lastKnownFileType = sourcecode.swift; path = ArticleTableViewCell.swift; sourceTree = "<group>"; };
		F54F4E3F24A2DB57008204E9 /* ArticleTableViewCell.xib */ = {isa = PBXFileReference; lastKnownFileType = file.xib; path = ArticleTableViewCell.xib; sourceTree = "<group>"; };
		F54F4E4524A48FCA008204E9 /* TitleTableViewCell.swift */ = {isa = PBXFileReference; lastKnownFileType = sourcecode.swift; path = TitleTableViewCell.swift; sourceTree = "<group>"; };
		F54F4E4624A48FCA008204E9 /* TitleTableViewCell.xib */ = {isa = PBXFileReference; lastKnownFileType = file.xib; path = TitleTableViewCell.xib; sourceTree = "<group>"; };
		F5C5787124A96E3B00575C70 /* CalculateAYTTableViewCell.swift */ = {isa = PBXFileReference; lastKnownFileType = sourcecode.swift; path = CalculateAYTTableViewCell.swift; sourceTree = "<group>"; };
		F5C5787224A96E3B00575C70 /* CalculateAYTTableViewCell.xib */ = {isa = PBXFileReference; lastKnownFileType = file.xib; path = CalculateAYTTableViewCell.xib; sourceTree = "<group>"; };
		F5C5787924A9DD8600575C70 /* CalculateButtonTableViewCell.swift */ = {isa = PBXFileReference; lastKnownFileType = sourcecode.swift; path = CalculateButtonTableViewCell.swift; sourceTree = "<group>"; };
		F5C5787A24A9DD8600575C70 /* CalculateButtonTableViewCell.xib */ = {isa = PBXFileReference; lastKnownFileType = file.xib; path = CalculateButtonTableViewCell.xib; sourceTree = "<group>"; };
		F5C5787D24A9F6E600575C70 /* ResultAYTTableViewCell.swift */ = {isa = PBXFileReference; lastKnownFileType = sourcecode.swift; path = ResultAYTTableViewCell.swift; sourceTree = "<group>"; };
		F5C5787E24A9F6E600575C70 /* ResultAYTTableViewCell.xib */ = {isa = PBXFileReference; lastKnownFileType = file.xib; path = ResultAYTTableViewCell.xib; sourceTree = "<group>"; };
		F5C5788124A9FD2400575C70 /* ResultTYTTableViewCell.swift */ = {isa = PBXFileReference; lastKnownFileType = sourcecode.swift; path = ResultTYTTableViewCell.swift; sourceTree = "<group>"; };
		F5C5788224A9FD2400575C70 /* ResultTYTTableViewCell.xib */ = {isa = PBXFileReference; lastKnownFileType = file.xib; path = ResultTYTTableViewCell.xib; sourceTree = "<group>"; };
		F5C5788524AA0F0600575C70 /* Calculator.swift */ = {isa = PBXFileReference; lastKnownFileType = sourcecode.swift; path = Calculator.swift; sourceTree = "<group>"; };
		F5C5788724AA0F2100575C70 /* Result.swift */ = {isa = PBXFileReference; lastKnownFileType = sourcecode.swift; path = Result.swift; sourceTree = "<group>"; };
		F5C5788B24AA133200575C70 /* Helper.swift */ = {isa = PBXFileReference; lastKnownFileType = sourcecode.swift; path = Helper.swift; sourceTree = "<group>"; };
		F5C5788D24ABB16300575C70 /* AlertStoryboard.storyboard */ = {isa = PBXFileReference; lastKnownFileType = file.storyboard; path = AlertStoryboard.storyboard; sourceTree = "<group>"; };
		F5C5788F24ABB19500575C70 /* AlertViewController.swift */ = {isa = PBXFileReference; lastKnownFileType = sourcecode.swift; path = AlertViewController.swift; sourceTree = "<group>"; };
		F5D382F3249CC91B0090A6F5 /* Puan Hesapla.app */ = {isa = PBXFileReference; explicitFileType = wrapper.application; includeInIndex = 0; path = "Puan Hesapla.app"; sourceTree = BUILT_PRODUCTS_DIR; };
		F5D382F6249CC91B0090A6F5 /* AppDelegate.swift */ = {isa = PBXFileReference; lastKnownFileType = sourcecode.swift; path = AppDelegate.swift; sourceTree = "<group>"; };
		F5D382F8249CC91B0090A6F5 /* SceneDelegate.swift */ = {isa = PBXFileReference; lastKnownFileType = sourcecode.swift; path = SceneDelegate.swift; sourceTree = "<group>"; };
		F5D382FF249CC91B0090A6F5 /* Base */ = {isa = PBXFileReference; lastKnownFileType = file.storyboard; name = Base; path = Base.lproj/Main.storyboard; sourceTree = "<group>"; };
		F5D38302249CC91B0090A6F5 /* Puan_Hesapla.xcdatamodel */ = {isa = PBXFileReference; lastKnownFileType = wrapper.xcdatamodel; path = Puan_Hesapla.xcdatamodel; sourceTree = "<group>"; };
		F5D38304249CC9220090A6F5 /* Assets.xcassets */ = {isa = PBXFileReference; lastKnownFileType = folder.assetcatalog; path = Assets.xcassets; sourceTree = "<group>"; };
		F5D38307249CC9220090A6F5 /* Base */ = {isa = PBXFileReference; lastKnownFileType = file.storyboard; name = Base; path = Base.lproj/LaunchScreen.storyboard; sourceTree = "<group>"; };
		F5D38309249CC9220090A6F5 /* Info.plist */ = {isa = PBXFileReference; lastKnownFileType = text.plist.xml; path = Info.plist; sourceTree = "<group>"; };
		F5D38314249CE97E0090A6F5 /* University.swift */ = {isa = PBXFileReference; lastKnownFileType = sourcecode.swift; path = University.swift; sourceTree = "<group>"; };
		F5E3CD5924A0CA5E009F4803 /* CalculatorViewController.swift */ = {isa = PBXFileReference; lastKnownFileType = sourcecode.swift; path = CalculatorViewController.swift; sourceTree = "<group>"; };
		F5EC335124A8C92D00A8499E /* CalculateTYTTableViewCell.swift */ = {isa = PBXFileReference; lastKnownFileType = sourcecode.swift; path = CalculateTYTTableViewCell.swift; sourceTree = "<group>"; };
		F5EC335224A8C92D00A8499E /* CalculateTYTTableViewCell.xib */ = {isa = PBXFileReference; lastKnownFileType = file.xib; path = CalculateTYTTableViewCell.xib; sourceTree = "<group>"; };
/* End PBXFileReference section */

/* Begin PBXFrameworksBuildPhase section */
		F5D382F0249CC91B0090A6F5 /* Frameworks */ = {
			isa = PBXFrameworksBuildPhase;
			buildActionMask = 2147483647;
			files = (
			);
			runOnlyForDeploymentPostprocessing = 0;
		};
/* End PBXFrameworksBuildPhase section */

/* Begin PBXGroup section */
		F503712324A0F2D7008B153E /* UniversityCell */ = {
			isa = PBXGroup;
			children = (
				F54F4E3224A22185008204E9 /* UniversityTableViewCell.swift */,
				F54F4E3324A22185008204E9 /* UniversityTableViewCell.xib */,
				F54F4E3624A22473008204E9 /* UniversityCollectionViewCell.swift */,
				F54F4E3724A22473008204E9 /* UniversityCollectionViewCell.xib */,
			);
			path = UniversityCell;
			sourceTree = "<group>";
		};
		F54F4E4224A36C9B008204E9 /* Controller */ = {
			isa = PBXGroup;
			children = (
				F503711C24A0DF12008B153E /* HomeViewController.swift */,
				F5E3CD5924A0CA5E009F4803 /* CalculatorViewController.swift */,
				F5C5788F24ABB19500575C70 /* AlertViewController.swift */,
			);
			path = Controller;
			sourceTree = "<group>";
		};
		F54F4E4324A36CA3008204E9 /* View */ = {
			isa = PBXGroup;
			children = (
				F5D382FE249CC91B0090A6F5 /* Main.storyboard */,
				F5C5788D24ABB16300575C70 /* AlertStoryboard.storyboard */,
				F54F4E4424A48FA6008204E9 /* Base */,
				F503712324A0F2D7008B153E /* UniversityCell */,
				F5DAEF1024A09171003F2A95 /* ArticleCell */,
				F54F4E4924A49119008204E9 /* CalculateCell */,
			);
			path = View;
			sourceTree = "<group>";
		};
		F54F4E4424A48FA6008204E9 /* Base */ = {
			isa = PBXGroup;
			children = (
				F54F4E4524A48FCA008204E9 /* TitleTableViewCell.swift */,
				F54F4E4624A48FCA008204E9 /* TitleTableViewCell.xib */,
			);
			path = Base;
			sourceTree = "<group>";
		};
		F54F4E4924A49119008204E9 /* CalculateCell */ = {
			isa = PBXGroup;
			children = (
				F5C5787924A9DD8600575C70 /* CalculateButtonTableViewCell.swift */,
				F5C5787A24A9DD8600575C70 /* CalculateButtonTableViewCell.xib */,
				F5EC334F24A8C7D900A8499E /* TYT */,
				F5EC335024A8C7E000A8499E /* AYT */,
			);
			path = CalculateCell;
			sourceTree = "<group>";
		};
		F5D382EA249CC91B0090A6F5 = {
			isa = PBXGroup;
			children = (
				F5D382F5249CC91B0090A6F5 /* Puan Hesapla */,
				F5D382F4249CC91B0090A6F5 /* Products */,
			);
			sourceTree = "<group>";
		};
		F5D382F4249CC91B0090A6F5 /* Products */ = {
			isa = PBXGroup;
			children = (
				F5D382F3249CC91B0090A6F5 /* Puan Hesapla.app */,
			);
			name = Products;
			sourceTree = "<group>";
		};
		F5D382F5249CC91B0090A6F5 /* Puan Hesapla */ = {
			isa = PBXGroup;
			children = (
				F5D382F6249CC91B0090A6F5 /* AppDelegate.swift */,
				F5D382F8249CC91B0090A6F5 /* SceneDelegate.swift */,
				F5D38313249CE9690090A6F5 /* Model */,
				F54F4E4324A36CA3008204E9 /* View */,
				F54F4E4224A36C9B008204E9 /* Controller */,
				F5D38304249CC9220090A6F5 /* Assets.xcassets */,
				F5D38306249CC9220090A6F5 /* LaunchScreen.storyboard */,
				F5D38309249CC9220090A6F5 /* Info.plist */,
				F5D38301249CC91B0090A6F5 /* Puan_Hesapla.xcdatamodeld */,
			);
			path = "Puan Hesapla";
			sourceTree = "<group>";
		};
		F5D38313249CE9690090A6F5 /* Model */ = {
			isa = PBXGroup;
			children = (
				F5D38314249CE97E0090A6F5 /* University.swift */,
				F5C5788524AA0F0600575C70 /* Calculator.swift */,
				F5C5788724AA0F2100575C70 /* Result.swift */,
				F5C5788B24AA133200575C70 /* Helper.swift */,
			);
			path = Model;
			sourceTree = "<group>";
		};
		F5DAEF1024A09171003F2A95 /* ArticleCell */ = {
			isa = PBXGroup;
			children = (
				F54F4E3E24A2DB57008204E9 /* ArticleTableViewCell.swift */,
				F54F4E3F24A2DB57008204E9 /* ArticleTableViewCell.xib */,
				F54F4E3A24A2DB38008204E9 /* ArticleCollectionViewCell.swift */,
				F54F4E3B24A2DB38008204E9 /* ArticleCollectionViewCell.xib */,
			);
			path = ArticleCell;
			sourceTree = "<group>";
		};
		F5EC334F24A8C7D900A8499E /* TYT */ = {
			isa = PBXGroup;
			children = (
				F5EC335124A8C92D00A8499E /* CalculateTYTTableViewCell.swift */,
				F5EC335224A8C92D00A8499E /* CalculateTYTTableViewCell.xib */,
				F5C5788124A9FD2400575C70 /* ResultTYTTableViewCell.swift */,
				F5C5788224A9FD2400575C70 /* ResultTYTTableViewCell.xib */,
			);
			path = TYT;
			sourceTree = "<group>";
		};
		F5EC335024A8C7E000A8499E /* AYT */ = {
			isa = PBXGroup;
			children = (
				F5C5787124A96E3B00575C70 /* CalculateAYTTableViewCell.swift */,
				F5C5787224A96E3B00575C70 /* CalculateAYTTableViewCell.xib */,
				F5C5787D24A9F6E600575C70 /* ResultAYTTableViewCell.swift */,
				F5C5787E24A9F6E600575C70 /* ResultAYTTableViewCell.xib */,
			);
			path = AYT;
			sourceTree = "<group>";
		};
/* End PBXGroup section */

/* Begin PBXNativeTarget section */
		F5D382F2249CC91B0090A6F5 /* Puan Hesapla */ = {
			isa = PBXNativeTarget;
			buildConfigurationList = F5D3830C249CC9220090A6F5 /* Build configuration list for PBXNativeTarget "Puan Hesapla" */;
			buildPhases = (
				F5D382EF249CC91B0090A6F5 /* Sources */,
				F5D382F0249CC91B0090A6F5 /* Frameworks */,
				F5D382F1249CC91B0090A6F5 /* Resources */,
			);
			buildRules = (
			);
			dependencies = (
			);
			name = "Puan Hesapla";
			productName = "Puan Hesapla";
			productReference = F5D382F3249CC91B0090A6F5 /* Puan Hesapla.app */;
			productType = "com.apple.product-type.application";
		};
/* End PBXNativeTarget section */

/* Begin PBXProject section */
		F5D382EB249CC91B0090A6F5 /* Project object */ = {
			isa = PBXProject;
			attributes = {
				LastSwiftUpdateCheck = 1140;
				LastUpgradeCheck = 1140;
				ORGANIZATIONNAME = "Yasar University";
				TargetAttributes = {
					F5D382F2249CC91B0090A6F5 = {
						CreatedOnToolsVersion = 11.4;
					};
				};
			};
			buildConfigurationList = F5D382EE249CC91B0090A6F5 /* Build configuration list for PBXProject "Puan Hesapla" */;
			compatibilityVersion = "Xcode 9.3";
			developmentRegion = en;
			hasScannedForEncodings = 0;
			knownRegions = (
				en,
				Base,
			);
			mainGroup = F5D382EA249CC91B0090A6F5;
			productRefGroup = F5D382F4249CC91B0090A6F5 /* Products */;
			projectDirPath = "";
			projectRoot = "";
			targets = (
				F5D382F2249CC91B0090A6F5 /* Puan Hesapla */,
			);
		};
/* End PBXProject section */

/* Begin PBXResourcesBuildPhase section */
		F5D382F1249CC91B0090A6F5 /* Resources */ = {
			isa = PBXResourcesBuildPhase;
			buildActionMask = 2147483647;
			files = (
				F54F4E4124A2DB57008204E9 /* ArticleTableViewCell.xib in Resources */,
				F54F4E3D24A2DB38008204E9 /* ArticleCollectionViewCell.xib in Resources */,
				F54F4E3524A22185008204E9 /* UniversityTableViewCell.xib in Resources */,
				F5C5787C24A9DD8600575C70 /* CalculateButtonTableViewCell.xib in Resources */,
				F5C5788424A9FD2400575C70 /* ResultTYTTableViewCell.xib in Resources */,
				F5EC335424A8C92D00A8499E /* CalculateTYTTableViewCell.xib in Resources */,
				F5C5788E24ABB16400575C70 /* AlertStoryboard.storyboard in Resources */,
				F5D38308249CC9220090A6F5 /* LaunchScreen.storyboard in Resources */,
				F5C5787424A96E3B00575C70 /* CalculateAYTTableViewCell.xib in Resources */,
				F54F4E4824A48FCA008204E9 /* TitleTableViewCell.xib in Resources */,
				F5D38305249CC9220090A6F5 /* Assets.xcassets in Resources */,
				F54F4E3924A22473008204E9 /* UniversityCollectionViewCell.xib in Resources */,
				F5D38300249CC91B0090A6F5 /* Main.storyboard in Resources */,
				F5C5788024A9F6E600575C70 /* ResultAYTTableViewCell.xib in Resources */,
			);
			runOnlyForDeploymentPostprocessing = 0;
		};
/* End PBXResourcesBuildPhase section */

/* Begin PBXSourcesBuildPhase section */
		F5D382EF249CC91B0090A6F5 /* Sources */ = {
			isa = PBXSourcesBuildPhase;
			buildActionMask = 2147483647;
			files = (
				F54F4E3C24A2DB38008204E9 /* ArticleCollectionViewCell.swift in Sources */,
				F5EC335324A8C92D00A8499E /* CalculateTYTTableViewCell.swift in Sources */,
				F5C5788824AA0F2100575C70 /* Result.swift in Sources */,
				F5C5789024ABB19500575C70 /* AlertViewController.swift in Sources */,
				F54F4E3424A22185008204E9 /* UniversityTableViewCell.swift in Sources */,
				F5C5787F24A9F6E600575C70 /* ResultAYTTableViewCell.swift in Sources */,
				F5D382F7249CC91B0090A6F5 /* AppDelegate.swift in Sources */,
				F54F4E4724A48FCA008204E9 /* TitleTableViewCell.swift in Sources */,
				F5D38303249CC91B0090A6F5 /* Puan_Hesapla.xcdatamodeld in Sources */,
				F5C5788624AA0F0700575C70 /* Calculator.swift in Sources */,
				F5E3CD5A24A0CA5E009F4803 /* CalculatorViewController.swift in Sources */,
				F5C5787324A96E3B00575C70 /* CalculateAYTTableViewCell.swift in Sources */,
				F5D382F9249CC91B0090A6F5 /* SceneDelegate.swift in Sources */,
				F5C5788C24AA133200575C70 /* Helper.swift in Sources */,
				F5C5788324A9FD2400575C70 /* ResultTYTTableViewCell.swift in Sources */,
				F503711D24A0DF12008B153E /* HomeViewController.swift in Sources */,
				F54F4E3824A22473008204E9 /* UniversityCollectionViewCell.swift in Sources */,
				F54F4E4024A2DB57008204E9 /* ArticleTableViewCell.swift in Sources */,
				F5C5787B24A9DD8600575C70 /* CalculateButtonTableViewCell.swift in Sources */,
				F5D38315249CE97E0090A6F5 /* University.swift in Sources */,
			);
			runOnlyForDeploymentPostprocessing = 0;
		};
/* End PBXSourcesBuildPhase section */

/* Begin PBXVariantGroup section */
		F5D382FE249CC91B0090A6F5 /* Main.storyboard */ = {
			isa = PBXVariantGroup;
			children = (
				F5D382FF249CC91B0090A6F5 /* Base */,
			);
			name = Main.storyboard;
			sourceTree = "<group>";
		};
		F5D38306249CC9220090A6F5 /* LaunchScreen.storyboard */ = {
			isa = PBXVariantGroup;
			children = (
				F5D38307249CC9220090A6F5 /* Base */,
			);
			name = LaunchScreen.storyboard;
			sourceTree = "<group>";
		};
/* End PBXVariantGroup section */

/* Begin XCBuildConfiguration section */
		F5D3830A249CC9220090A6F5 /* Debug */ = {
			isa = XCBuildConfiguration;
			buildSettings = {
				ALWAYS_SEARCH_USER_PATHS = NO;
				CLANG_ANALYZER_NONNULL = YES;
				CLANG_ANALYZER_NUMBER_OBJECT_CONVERSION = YES_AGGRESSIVE;
				CLANG_CXX_LANGUAGE_STANDARD = "gnu++14";
				CLANG_CXX_LIBRARY = "libc++";
				CLANG_ENABLE_MODULES = YES;
				CLANG_ENABLE_OBJC_ARC = YES;
				CLANG_ENABLE_OBJC_WEAK = YES;
				CLANG_WARN_BLOCK_CAPTURE_AUTORELEASING = YES;
				CLANG_WARN_BOOL_CONVERSION = YES;
				CLANG_WARN_COMMA = YES;
				CLANG_WARN_CONSTANT_CONVERSION = YES;
				CLANG_WARN_DEPRECATED_OBJC_IMPLEMENTATIONS = YES;
				CLANG_WARN_DIRECT_OBJC_ISA_USAGE = YES_ERROR;
				CLANG_WARN_DOCUMENTATION_COMMENTS = YES;
				CLANG_WARN_EMPTY_BODY = YES;
				CLANG_WARN_ENUM_CONVERSION = YES;
				CLANG_WARN_INFINITE_RECURSION = YES;
				CLANG_WARN_INT_CONVERSION = YES;
				CLANG_WARN_NON_LITERAL_NULL_CONVERSION = YES;
				CLANG_WARN_OBJC_IMPLICIT_RETAIN_SELF = YES;
				CLANG_WARN_OBJC_LITERAL_CONVERSION = YES;
				CLANG_WARN_OBJC_ROOT_CLASS = YES_ERROR;
				CLANG_WARN_RANGE_LOOP_ANALYSIS = YES;
				CLANG_WARN_STRICT_PROTOTYPES = YES;
				CLANG_WARN_SUSPICIOUS_MOVE = YES;
				CLANG_WARN_UNGUARDED_AVAILABILITY = YES_AGGRESSIVE;
				CLANG_WARN_UNREACHABLE_CODE = YES;
				CLANG_WARN__DUPLICATE_METHOD_MATCH = YES;
				COPY_PHASE_STRIP = NO;
				DEBUG_INFORMATION_FORMAT = dwarf;
				ENABLE_STRICT_OBJC_MSGSEND = YES;
				ENABLE_TESTABILITY = YES;
				GCC_C_LANGUAGE_STANDARD = gnu11;
				GCC_DYNAMIC_NO_PIC = NO;
				GCC_NO_COMMON_BLOCKS = YES;
				GCC_OPTIMIZATION_LEVEL = 0;
				GCC_PREPROCESSOR_DEFINITIONS = (
					"DEBUG=1",
					"$(inherited)",
				);
				GCC_WARN_64_TO_32_BIT_CONVERSION = YES;
				GCC_WARN_ABOUT_RETURN_TYPE = YES_ERROR;
				GCC_WARN_UNDECLARED_SELECTOR = YES;
				GCC_WARN_UNINITIALIZED_AUTOS = YES_AGGRESSIVE;
				GCC_WARN_UNUSED_FUNCTION = YES;
				GCC_WARN_UNUSED_VARIABLE = YES;
				IPHONEOS_DEPLOYMENT_TARGET = 13.4;
				MTL_ENABLE_DEBUG_INFO = INCLUDE_SOURCE;
				MTL_FAST_MATH = YES;
				ONLY_ACTIVE_ARCH = YES;
				SDKROOT = iphoneos;
				SWIFT_ACTIVE_COMPILATION_CONDITIONS = DEBUG;
				SWIFT_OPTIMIZATION_LEVEL = "-Onone";
			};
			name = Debug;
		};
		F5D3830B249CC9220090A6F5 /* Release */ = {
			isa = XCBuildConfiguration;
			buildSettings = {
				ALWAYS_SEARCH_USER_PATHS = NO;
				CLANG_ANALYZER_NONNULL = YES;
				CLANG_ANALYZER_NUMBER_OBJECT_CONVERSION = YES_AGGRESSIVE;
				CLANG_CXX_LANGUAGE_STANDARD = "gnu++14";
				CLANG_CXX_LIBRARY = "libc++";
				CLANG_ENABLE_MODULES = YES;
				CLANG_ENABLE_OBJC_ARC = YES;
				CLANG_ENABLE_OBJC_WEAK = YES;
				CLANG_WARN_BLOCK_CAPTURE_AUTORELEASING = YES;
				CLANG_WARN_BOOL_CONVERSION = YES;
				CLANG_WARN_COMMA = YES;
				CLANG_WARN_CONSTANT_CONVERSION = YES;
				CLANG_WARN_DEPRECATED_OBJC_IMPLEMENTATIONS = YES;
				CLANG_WARN_DIRECT_OBJC_ISA_USAGE = YES_ERROR;
				CLANG_WARN_DOCUMENTATION_COMMENTS = YES;
				CLANG_WARN_EMPTY_BODY = YES;
				CLANG_WARN_ENUM_CONVERSION = YES;
				CLANG_WARN_INFINITE_RECURSION = YES;
				CLANG_WARN_INT_CONVERSION = YES;
				CLANG_WARN_NON_LITERAL_NULL_CONVERSION = YES;
				CLANG_WARN_OBJC_IMPLICIT_RETAIN_SELF = YES;
				CLANG_WARN_OBJC_LITERAL_CONVERSION = YES;
				CLANG_WARN_OBJC_ROOT_CLASS = YES_ERROR;
				CLANG_WARN_RANGE_LOOP_ANALYSIS = YES;
				CLANG_WARN_STRICT_PROTOTYPES = YES;
				CLANG_WARN_SUSPICIOUS_MOVE = YES;
				CLANG_WARN_UNGUARDED_AVAILABILITY = YES_AGGRESSIVE;
				CLANG_WARN_UNREACHABLE_CODE = YES;
				CLANG_WARN__DUPLICATE_METHOD_MATCH = YES;
				COPY_PHASE_STRIP = NO;
				DEBUG_INFORMATION_FORMAT = "dwarf-with-dsym";
				ENABLE_NS_ASSERTIONS = NO;
				ENABLE_STRICT_OBJC_MSGSEND = YES;
				GCC_C_LANGUAGE_STANDARD = gnu11;
				GCC_NO_COMMON_BLOCKS = YES;
				GCC_WARN_64_TO_32_BIT_CONVERSION = YES;
				GCC_WARN_ABOUT_RETURN_TYPE = YES_ERROR;
				GCC_WARN_UNDECLARED_SELECTOR = YES;
				GCC_WARN_UNINITIALIZED_AUTOS = YES_AGGRESSIVE;
				GCC_WARN_UNUSED_FUNCTION = YES;
				GCC_WARN_UNUSED_VARIABLE = YES;
				IPHONEOS_DEPLOYMENT_TARGET = 13.4;
				MTL_ENABLE_DEBUG_INFO = NO;
				MTL_FAST_MATH = YES;
				SDKROOT = iphoneos;
				SWIFT_COMPILATION_MODE = wholemodule;
				SWIFT_OPTIMIZATION_LEVEL = "-O";
				VALIDATE_PRODUCT = YES;
			};
			name = Release;
		};
		F5D3830D249CC9220090A6F5 /* Debug */ = {
			isa = XCBuildConfiguration;
			buildSettings = {
				ASSETCATALOG_COMPILER_APPICON_NAME = AppIcon;
				CODE_SIGN_STYLE = Automatic;
				DEVELOPMENT_TEAM = UY69P5Z799;
				INFOPLIST_FILE = "Puan Hesapla/Info.plist";
				LD_RUNPATH_SEARCH_PATHS = (
					"$(inherited)",
					"@executable_path/Frameworks",
				);
				PRODUCT_BUNDLE_IDENTIFIER = "com.yasar.Puan-Hesapla";
				PRODUCT_NAME = "$(TARGET_NAME)";
				SWIFT_VERSION = 5.0;
				TARGETED_DEVICE_FAMILY = "1,2";
			};
			name = Debug;
		};
		F5D3830E249CC9220090A6F5 /* Release */ = {
			isa = XCBuildConfiguration;
			buildSettings = {
				ASSETCATALOG_COMPILER_APPICON_NAME = AppIcon;
				CODE_SIGN_STYLE = Automatic;
				DEVELOPMENT_TEAM = UY69P5Z799;
				INFOPLIST_FILE = "Puan Hesapla/Info.plist";
				LD_RUNPATH_SEARCH_PATHS = (
					"$(inherited)",
					"@executable_path/Frameworks",
				);
				PRODUCT_BUNDLE_IDENTIFIER = "com.yasar.Puan-Hesapla";
				PRODUCT_NAME = "$(TARGET_NAME)";
				SWIFT_VERSION = 5.0;
				TARGETED_DEVICE_FAMILY = "1,2";
			};
			name = Release;
		};
/* End XCBuildConfiguration section */

/* Begin XCConfigurationList section */
		F5D382EE249CC91B0090A6F5 /* Build configuration list for PBXProject "Puan Hesapla" */ = {
			isa = XCConfigurationList;
			buildConfigurations = (
				F5D3830A249CC9220090A6F5 /* Debug */,
				F5D3830B249CC9220090A6F5 /* Release */,
			);
			defaultConfigurationIsVisible = 0;
			defaultConfigurationName = Release;
		};
		F5D3830C249CC9220090A6F5 /* Build configuration list for PBXNativeTarget "Puan Hesapla" */ = {
			isa = XCConfigurationList;
			buildConfigurations = (
				F5D3830D249CC9220090A6F5 /* Debug */,
				F5D3830E249CC9220090A6F5 /* Release */,
			);
			defaultConfigurationIsVisible = 0;
			defaultConfigurationName = Release;
		};
/* End XCConfigurationList section */

/* Begin XCVersionGroup section */
		F5D38301249CC91B0090A6F5 /* Puan_Hesapla.xcdatamodeld */ = {
			isa = XCVersionGroup;
			children = (
				F5D38302249CC91B0090A6F5 /* Puan_Hesapla.xcdatamodel */,
			);
			currentVersion = F5D38302249CC91B0090A6F5 /* Puan_Hesapla.xcdatamodel */;
			path = Puan_Hesapla.xcdatamodeld;
			sourceTree = "<group>";
			versionGroupType = wrapper.xcdatamodel;
		};
/* End XCVersionGroup section */
	};
	rootObject = F5D382EB249CC91B0090A6F5 /* Project object */;
}
